
Microsoft Visual Studio Solution File, Format Version 12.00
# Visual Studio Version 17
VisualStudioVersion = 17.6.33829.357
MinimumVisualStudioVersion = 10.0.40219.1
Project("{8BC9CEB8-8B4A-11D0-8D11-00A0C91BC942}") = "IocpLib", "IocpLib\IocpLib.vcxproj", "{12153BE6-D0A7-42CE-B0B2-5036AF46C190}"
EndProject
Project("{8BC9CEB8-8B4A-11D0-8D11-00A0C91BC942}") = "ChatClient", "ChatClient\ChatClient.vcxproj", "{57C55146-C782-46AB-A8F1-799890B320C6}"
EndProject
Project("{8BC9CEB8-8B4A-11D0-8D11-00A0C91BC942}") = "ChatServer", "ChatServer\ChatServer.vcxproj", "{408D76EE-BDDE-46A3-9E8B-66776A88C73F}"
EndProject
Global
	GlobalSection(SolutionConfigurationPlatforms) = preSolution
		Debug|x64 = Debug|x64
		Debug|x86 = Debug|x86
		Release|x64 = Release|x64
		Release|x86 = Release|x86
	EndGlobalSection
	GlobalSection(ProjectConfigurationPlatforms) = postSolution
		{12153BE6-D0A7-42CE-B0B2-5036AF46C190}.Debug|x64.ActiveCfg = Debug|x64
		{12153BE6-D0A7-42CE-B0B2-5036AF46C190}.Debug|x64.Build.0 = Debug|x64
		{12153BE6-D0A7-42CE-B0B2-5036AF46C190}.Debug|x86.ActiveCfg = Debug|Win32
		{12153BE6-D0A7-42CE-B0B2-5036AF46C190}.Debug|x86.Build.0 = Debug|Win32
		{12153BE6-D0A7-42CE-B0B2-5036AF46C190}.Release|x64.ActiveCfg = Release|x64
		{12153BE6-D0A7-42CE-B0B2-5036AF46C190}.Release|x64.Build.0 = Release|x64
		{12153BE6-D0A7-42CE-B0B2-5036AF46C190}.Release|x86.ActiveCfg = Release|Win32
		{12153BE6-D0A7-42CE-B0B2-5036AF46C190}.Release|x86.Build.0 = Release|Win32
		{57C55146-C782-46AB-A8F1-799890B320C6}.Debug|x64.ActiveCfg = Debug|x64
		{57C55146-C782-46AB-A8F1-799890B320C6}.Debug|x64.Build.0 = Debug|x64
		{57C55146-C782-46AB-A8F1-799890B320C6}.Debug|x86.ActiveCfg = Debug|Win32
		{57C55146-C782-46AB-A8F1-799890B320C6}.Debug|x86.Build.0 = Debug|Win32
		{57C55146-C782-46AB-A8F1-799890B320C6}.Release|x64.ActiveCfg = Release|x64
		{57C55146-C782-46AB-A8F1-799890B320C6}.Release|x64.Build.0 = Release|x64
		{57C55146-C782-46AB-A8F1-799890B320C6}.Release|x86.ActiveCfg = Release|Win32
		{57C55146-C782-46AB-A8F1-799890B320C6}.Release|x86.Build.0 = Release|Win32
		{408D76EE-BDDE-46A3-9E8B-66776A88C73F}.Debug|x64.ActiveCfg = Debug|x64
		{408D76EE-BDDE-46A3-9E8B-66776A88C73F}.Debug|x64.Build.0 = Debug|x64
		{408D76EE-BDDE-46A3-9E8B-66776A88C73F}.Debug|x86.ActiveCfg = Debug|Win32
		{408D76EE-BDDE-46A3-9E8B-66776A88C73F}.Debug|x86.Build.0 = Debug|Win32
		{408D76EE-BDDE-46A3-9E8B-66776A88C73F}.Release|x64.ActiveCfg = Release|x64
		{408D76EE-BDDE-46A3-9E8B-66776A88C73F}.Release|x64.Build.0 = Release|x64
		{408D76EE-BDDE-46A3-9E8B-66776A88C73F}.Release|x86.ActiveCfg = Release|Win32
		{408D76EE-BDDE-46A3-9E8B-66776A88C73F}.Release|x86.Build.0 = Release|Win32
	EndGlobalSection
	GlobalSection(SolutionProperties) = preSolution
		HideSolutionNode = FALSE
	EndGlobalSection
	GlobalSection(ExtensibilityGlobals) = postSolution
		SolutionGuid = {57BC90CA-64FD-469D-9EB6-4D5B8ED9BA10}
	EndGlobalSection
EndGlobal
