<?xml version="1.0" encoding="utf-8"?>
<Project ToolsVersion="4.0" xmlns="http://schemas.microsoft.com/developer/msbuild/2003">
  <ItemGroup>
    <Filter Include="Main">
      <UniqueIdentifier>{136bc56b-b654-44f9-a06a-f217fd49c58e}</UniqueIdentifier>
    </Filter>
    <Filter Include="Pch">
      <UniqueIdentifier>{9fb08e14-4e69-4353-b923-3d42dd4041fc}</UniqueIdentifier>
    </Filter>
  </ItemGroup>
  <ItemGroup>
    <ClCompile Include="ChatClient.cpp">
      <Filter>Main</Filter>
    </ClCompile>
    <ClCompile Include="Pch.cpp" />
  </ItemGroup>
  <ItemGroup>
    <ClInclude Include="Pch.h" />
  </ItemGroup>
</Project>