<?xml version="1.0" encoding="utf-8"?>
<Project ToolsVersion="4.0" xmlns="http://schemas.microsoft.com/developer/msbuild/2003">
  <ItemGroup>
    <Filter Include="Main">
      <UniqueIdentifier>{a361267e-b826-4d20-9c5c-f81b805fab21}</UniqueIdentifier>
    </Filter>
    <Filter Include="Pch">
      <UniqueIdentifier>{8c34a7b5-8167-43e9-acb2-e10f4770f5ce}</UniqueIdentifier>
    </Filter>
    <Filter Include="Content">
      <UniqueIdentifier>{68e0bd55-c7bb-45a1-b92d-ad92ee08e23e}</UniqueIdentifier>
    </Filter>
  </ItemGroup>
  <ItemGroup>
    <ClCompile Include="ChatServer.cpp">
      <Filter>Main</Filter>
    </ClCompile>
    <ClCompile Include="Pch.cpp">
      <Filter>Pch</Filter>
    </ClCompile>
    <ClCompile Include="ClientSession.cpp">
      <Filter>Main</Filter>
    </ClCompile>
    <ClCompile Include="Room.cpp">
      <Filter>Content</Filter>
    </ClCompile>
    <ClCompile Include="User.cpp">
      <Filter>Content</Filter>
    </ClCompile>
  </ItemGroup>
  <ItemGroup>
    <ClInclude Include="Pch.h">
      <Filter>Pch</Filter>
    </ClInclude>
    <ClInclude Include="ClientSession.h">
      <Filter>Main</Filter>
    </ClInclude>
    <ClInclude Include="User.h">
      <Filter>Content</Filter>
    </ClInclude>
    <ClInclude Include="Room.h">
      <Filter>Content</Filter>
    </ClInclude>
    <ClInclude Include="IUser.h">
      <Filter>Content</Filter>
    </ClInclude>
    <ClInclude Include="IRoom.h">
      <Filter>Content</Filter>
    </ClInclude>
  </ItemGroup>
</Project>